<?xml version="1.0" encoding="utf-8"?>
<Project ToolsVersion="4.0" xmlns="http://schemas.microsoft.com/developer/msbuild/2003">
  <ItemGroup>
    <Filter Include="Source Files">
      <UniqueIdentifier>{4FC737F1-C7A5-4376-A066-2A32D752A2FF}</UniqueIdentifier>
      <Extensions>cpp;c;cc;cxx;c++;cppm;ixx;def;odl;idl;hpj;bat;asm;asmx</Extensions>
    </Filter>
    <Filter Include="Header Files">
      <UniqueIdentifier>{93995380-89BD-4b04-88EB-625FBE52EBFB}</UniqueIdentifier>
      <Extensions>h;hh;hpp;hxx;h++;hm;inl;inc;ipp;xsd</Extensions>
    </Filter>
    <Filter Include="Resource Files">
      <UniqueIdentifier>{67DA6AB6-F800-4c08-8B7A-83BB121AAD01}</UniqueIdentifier>
      <Extensions>rc;ico;cur;bmp;dlg;rc2;rct;bin;rgs;gif;jpg;jpeg;jpe;resx;tiff;tif;png;wav;mfcribbon-ms</Extensions>
    </Filter>
  </ItemGroup>
  <ItemGroup>
    <ClCompile Include="src\main.cpp">
      <Filter>Source Files</Filter>
    </ClCompile>
    <ClCompile Include="src\dead_cheat.cpp">
      <Filter>Source Files</Filter>
    </ClCompile>
    <ClCompile Include="osmium\Memory\Hook\hook.cpp">
      <Filter>Source Files</Filter>
    </ClCompile>
    <ClCompile Include="osmium\Memory\Image_x64\image_x64.cpp">
      <Filter>Source Files</Filter>
    </ClCompile>
    <ClCompile Include="osmium\Memory\Image_x86\image_x86.cpp">
      <Filter>Source Files</Filter>
    </ClCompile>
    <ClCompile Include="osmium\Memory\Process\process.cpp">
      <Filter>Source Files</Filter>
    </ClCompile>
    <ClCompile Include="osmium\Overlay\overlay.cpp">
      <Filter>Source Files</Filter>
    </ClCompile>
    <ClCompile Include="osmium\Testing\test_cheat.cpp">
      <Filter>Source Files</Filter>
    </ClCompile>
    <ClCompile Include="osmium\Testing\test_overlay.cpp">
      <Filter>Source Files</Filter>
    </ClCompile>
    <ClCompile Include="fts\ft_god_mode.cpp">
      <Filter>Source Files</Filter>
    </ClCompile>
    <ClCompile Include="fts\ft_god_mode.hpp">
      <Filter>Source Files</Filter>
    </ClCompile>
    <ClCompile Include="fts\ft_infinite_ammo.cpp">
      <Filter>Source Files</Filter>
    </ClCompile>
    <ClCompile Include="fts\ft_no_clip.hpp">
      <Filter>Source Files</Filter>
    </ClCompile>
    <ClCompile Include="fts\ft_no_clip.cpp">
      <Filter>Source Files</Filter>
    </ClCompile>
    <ClCompile Include="fts\ft_infinite_fury.cpp">
      <Filter>Source Files</Filter>
    </ClCompile>
    <ClCompile Include="fts\ft_infinite_durability.cpp">
      <Filter>Source Files</Filter>
    </ClCompile>
    <ClCompile Include="fts\ft_increase_damage.cpp">
      <Filter>Source Files</Filter>
    </ClCompile>
    <ClCompile Include="fts\ft_infinite_stamina.cpp">
      <Filter>Source Files</Filter>
    </ClCompile>
    <ClCompile Include="fts\ft_super_jump_speed.cpp">
      <Filter>Source Files</Filter>
    </ClCompile>
    <ClCompile Include="gui\imgui\imgui.cpp">
      <Filter>Source Files</Filter>
    </ClCompile>
    <ClCompile Include="gui\imgui\imgui_demo.cpp">
      <Filter>Source Files</Filter>
    </ClCompile>
    <ClCompile Include="gui\imgui\imgui_draw.cpp">
      <Filter>Source Files</Filter>
    </ClCompile>
    <ClCompile Include="gui\imgui\imgui_impl_dx9.cpp">
      <Filter>Source Files</Filter>
    </ClCompile>
    <ClCompile Include="gui\imgui\imgui_impl_win32.cpp">
      <Filter>Source Files</Filter>
    </ClCompile>
    <ClCompile Include="gui\imgui\imgui_tables.cpp">
      <Filter>Source Files</Filter>
    </ClCompile>
    <ClCompile Include="gui\imgui\imgui_widgets.cpp">
      <Filter>Source Files</Filter>
    </ClCompile>
  </ItemGroup>
  <ItemGroup>
    <ClInclude Include="hdr\dead_cheat.hpp">
      <Filter>Header Files</Filter>
    </ClInclude>
    <ClInclude Include="hdr\utils.hpp">
      <Filter>Header Files</Filter>
    </ClInclude>
    <ClInclude Include="hdr\offsets.hpp">
      <Filter>Header Files</Filter>
    </ClInclude>
    <ClInclude Include="osmium\Cheat\Feature\feature.hpp">
      <Filter>Header Files</Filter>
    </ClInclude>
    <ClInclude Include="osmium\Cheat\cheat.hpp">
      <Filter>Header Files</Filter>
    </ClInclude>
    <ClInclude Include="osmium\Includings\custom_data_types.hpp">
      <Filter>Header Files</Filter>
    </ClInclude>
    <ClInclude Include="osmium\Includings\modules.hpp">
      <Filter>Header Files</Filter>
    </ClInclude>
    <ClInclude Include="osmium\Memory\Hook\hook.hpp">
      <Filter>Header Files</Filter>
    </ClInclude>
    <ClInclude Include="osmium\Memory\Image_x64\image_x64.hpp">
      <Filter>Header Files</Filter>
    </ClInclude>
    <ClInclude Include="osmium\Memory\Image_x86\image_x86.hpp">
      <Filter>Header Files</Filter>
    </ClInclude>
    <ClInclude Include="osmium\Memory\Process\process.hpp">
      <Filter>Header Files</Filter>
    </ClInclude>
    <ClInclude Include="osmium\Memory\RegisterDumper\registercontext.hpp">
      <Filter>Header Files</Filter>
    </ClInclude>
    <ClInclude Include="osmium\Memory\SharedMemoryInstance\sharedmemoryinstance.hpp">
      <Filter>Header Files</Filter>
    </ClInclude>
    <ClInclude Include="osmium\Overlay\overlay.hpp">
      <Filter>Header Files</Filter>
    </ClInclude>
    <ClInclude Include="osmium\Testing\test_cheat.hpp">
      <Filter>Header Files</Filter>
    </ClInclude>
    <ClInclude Include="osmium\Testing\test_overlay.hpp">
      <Filter>Header Files</Filter>
    </ClInclude>
    <ClInclude Include="fts\ft_infinite_ammo.hpp">
      <Filter>Header Files</Filter>
    </ClInclude>
    <ClInclude Include="hdr\globals.hpp">
      <Filter>Header Files</Filter>
    </ClInclude>
    <ClInclude Include="fts\ft_infinite_fury.hpp">
      <Filter>Header Files</Filter>
    </ClInclude>
    <ClInclude Include="fts\ft_infinite_durability.hpp">
      <Filter>Header Files</Filter>
    </ClInclude>
    <ClInclude Include="fts\ft_increase_damage.hpp">
      <Filter>Header Files</Filter>
    </ClInclude>
    <ClInclude Include="fts\ft_infinite_stamina.hpp">
      <Filter>Header Files</Filter>
    </ClInclude>
    <ClInclude Include="fts\ft_super_jump_speed.hpp">
      <Filter>Header Files</Filter>
    </ClInclude>
    <ClInclude Include="gui\imgui\imconfig.h">
      <Filter>Header Files</Filter>
    </ClInclude>
    <ClInclude Include="gui\imgui\imgui.h">
      <Filter>Header Files</Filter>
    </ClInclude>
    <ClInclude Include="gui\imgui\imgui_impl_dx9.h">
      <Filter>Header Files</Filter>
    </ClInclude>
    <ClInclude Include="gui\imgui\imgui_impl_win32.h">
      <Filter>Header Files</Filter>
    </ClInclude>
    <ClInclude Include="gui\imgui\imgui_internal.h">
      <Filter>Header Files</Filter>
    </ClInclude>
    <ClInclude Include="gui\imgui\imstb_rectpack.h">
      <Filter>Header Files</Filter>
    </ClInclude>
    <ClInclude Include="gui\imgui\imstb_textedit.h">
      <Filter>Header Files</Filter>
    </ClInclude>
    <ClInclude Include="gui\imgui\imstb_truetype.h">
      <Filter>Header Files</Filter>
    </ClInclude>
    <ClInclude Include="gui\gui_source.h">
      <Filter>Header Files</Filter>
    </ClInclude>
    <ClInclude Include="gui\gui_includes.h">
      <Filter>Header Files</Filter>
    </ClInclude>
    <ClInclude Include="gui\gui_fonts.h">
      <Filter>Header Files</Filter>
    </ClInclude>
    <ClInclude Include="gui\gui_menu.h">
      <Filter>Header Files</Filter>
    </ClInclude>
  </ItemGroup>
  <ItemGroup>
    <None Include=".gitignore" />
    <None Include="osmium\.gitignore" />
    <None Include="osmium\LICENSE" />
    <None Include="osmium\README.md" />
  </ItemGroup>
</Project>